
Microsoft Visual Studio Solution File, Format Version 12.00
# Visual Studio Version 16
VisualStudioVersion = 16.0.30225.117
MinimumVisualStudioVersion = 10.0.40219.1
Project("{FAE04EC0-301F-11D3-BF4B-00C04F79EFBC}") = "Save our ship 2 - Heat statistics", "Save our ship 2 - Heat statistics.csproj", "{A9CC4523-8405-426C-985D-6D6363C374B6}"
EndProject
Project("{911E67C6-3D85-4FCE-B560-20A9C3E3FF48}") = "RimWorldWin64", "..\..\RimWorldWin64.exe", "{88066996-11B7-4437-B879-E53F18C2D758}"
	ProjectSection(DebuggerProjectSystem) = preProject
		PortSupplier = 00000000-0000-0000-0000-000000000000
		Executable = D:\SteamLibrary\steamapps\common\RimWorld\RimWorldWin64.exe
		RemoteMachine = DESKTOP-65ATI8J
		StartingDirectory = D:\SteamLibrary\steamapps\common\RimWorld
		Arguments = Variable=dnspy_unity_dbg2, Value=--debugger-agent=transport=dt_socket,server=y,address=127.0.0.1:56000,suspend=y,no-hide-debugger
		Environment = Par défaut
		LaunchingEngine = 00000000-0000-0000-0000-000000000000
		UseLegacyDebugEngines = No
		LaunchSQLEngine = No
		AttachLaunchAction = Yes
	EndProjectSection
EndProject
Global
	GlobalSection(SolutionConfigurationPlatforms) = preSolution
		Debug|Any CPU = Debug|Any CPU
		Debug|x64 = Debug|x64
		Release|Any CPU = Release|Any CPU
		Release|x64 = Release|x64
	EndGlobalSection
	GlobalSection(ProjectConfigurationPlatforms) = postSolution
		{A9CC4523-8405-426C-985D-6D6363C374B6}.Debug|Any CPU.ActiveCfg = Debug|Any CPU
		{A9CC4523-8405-426C-985D-6D6363C374B6}.Debug|Any CPU.Build.0 = Debug|Any CPU
		{A9CC4523-8405-426C-985D-6D6363C374B6}.Debug|x64.ActiveCfg = Debug|Any CPU
		{A9CC4523-8405-426C-985D-6D6363C374B6}.Debug|x64.Build.0 = Debug|Any CPU
		{A9CC4523-8405-426C-985D-6D6363C374B6}.Release|Any CPU.ActiveCfg = Release|Any CPU
		{A9CC4523-8405-426C-985D-6D6363C374B6}.Release|Any CPU.Build.0 = Release|Any CPU
		{A9CC4523-8405-426C-985D-6D6363C374B6}.Release|x64.ActiveCfg = Release|Any CPU
		{A9CC4523-8405-426C-985D-6D6363C374B6}.Release|x64.Build.0 = Release|Any CPU
		{88066996-11B7-4437-B879-E53F18C2D758}.Debug|Any CPU.ActiveCfg = Release|x64
		{88066996-11B7-4437-B879-E53F18C2D758}.Debug|x64.ActiveCfg = Release|x64
		{88066996-11B7-4437-B879-E53F18C2D758}.Release|Any CPU.ActiveCfg = Release|x64
		{88066996-11B7-4437-B879-E53F18C2D758}.Release|x64.ActiveCfg = Release|x64
	EndGlobalSection
	GlobalSection(SolutionProperties) = preSolution
		HideSolutionNode = FALSE
	EndGlobalSection
	GlobalSection(ExtensibilityGlobals) = postSolution
		SolutionGuid = {0484AABB-291E-45AD-8AA2-4A6E8424EEC8}
	EndGlobalSection
EndGlobal
